
Microsoft Visual Studio Solution File, Format Version 12.00
# Visual Studio Version 17
VisualStudioVersion = 17.0.31903.59
MinimumVisualStudioVersion = 10.0.40219.1
Project("{FAE04EC0-301F-11D3-BF4B-00C04F79EFBC}") = "StarterApp", "StarterApp\StarterApp.csproj", "{9029286B-0F5B-4F9B-9F8D-ED5E0ED91CC3}"
EndProject
Project("{FAE04EC0-301F-11D3-BF4B-00C04F79EFBC}") = "StarterApp.Database", "StarterApp.Database\StarterApp.Database.csproj", "{63F5972E-E11D-49EE-821E-62FFA961BC0D}"
EndProject
Project("{FAE04EC0-301F-11D3-BF4B-00C04F79EFBC}") = "StarterApp.Migrations", "StarterApp.Migrations\StarterApp.Migrations.csproj", "{56596C37-4445-4915-8BA5-F9DADDE70F15}"
EndProject
Global
	GlobalSection(SolutionConfigurationPlatforms) = preSolution
		Debug|Any CPU = Debug|Any CPU
		Debug|x64 = Debug|x64
		Debug|x86 = Debug|x86
		Release|Any CPU = Release|Any CPU
		Release|x64 = Release|x64
		Release|x86 = Release|x86
	EndGlobalSection
	GlobalSection(ProjectConfigurationPlatforms) = postSolution
		{9029286B-0F5B-4F9B-9F8D-ED5E0ED91CC3}.Debug|Any CPU.ActiveCfg = Debug|Any CPU
		{9029286B-0F5B-4F9B-9F8D-ED5E0ED91CC3}.Debug|Any CPU.Build.0 = Debug|Any CPU
		{9029286B-0F5B-4F9B-9F8D-ED5E0ED91CC3}.Debug|x64.ActiveCfg = Debug|Any CPU
		{9029286B-0F5B-4F9B-9F8D-ED5E0ED91CC3}.Debug|x64.Build.0 = Debug|Any CPU
		{9029286B-0F5B-4F9B-9F8D-ED5E0ED91CC3}.Debug|x86.ActiveCfg = Debug|Any CPU
		{9029286B-0F5B-4F9B-9F8D-ED5E0ED91CC3}.Debug|x86.Build.0 = Debug|Any CPU
		{9029286B-0F5B-4F9B-9F8D-ED5E0ED91CC3}.Release|Any CPU.ActiveCfg = Release|Any CPU
		{9029286B-0F5B-4F9B-9F8D-ED5E0ED91CC3}.Release|Any CPU.Build.0 = Release|Any CPU
		{9029286B-0F5B-4F9B-9F8D-ED5E0ED91CC3}.Release|x64.ActiveCfg = Release|Any CPU
		{9029286B-0F5B-4F9B-9F8D-ED5E0ED91CC3}.Release|x64.Build.0 = Release|Any CPU
		{9029286B-0F5B-4F9B-9F8D-ED5E0ED91CC3}.Release|x86.ActiveCfg = Release|Any CPU
		{9029286B-0F5B-4F9B-9F8D-ED5E0ED91CC3}.Release|x86.Build.0 = Release|Any CPU
		{63F5972E-E11D-49EE-821E-62FFA961BC0D}.Debug|Any CPU.ActiveCfg = Debug|Any CPU
		{63F5972E-E11D-49EE-821E-62FFA961BC0D}.Debug|Any CPU.Build.0 = Debug|Any CPU
		{63F5972E-E11D-49EE-821E-62FFA961BC0D}.Debug|x64.ActiveCfg = Debug|Any CPU
		{63F5972E-E11D-49EE-821E-62FFA961BC0D}.Debug|x64.Build.0 = Debug|Any CPU
		{63F5972E-E11D-49EE-821E-62FFA961BC0D}.Debug|x86.ActiveCfg = Debug|Any CPU
		{63F5972E-E11D-49EE-821E-62FFA961BC0D}.Debug|x86.Build.0 = Debug|Any CPU
		{63F5972E-E11D-49EE-821E-62FFA961BC0D}.Release|Any CPU.ActiveCfg = Release|Any CPU
		{63F5972E-E11D-49EE-821E-62FFA961BC0D}.Release|Any CPU.Build.0 = Release|Any CPU
		{63F5972E-E11D-49EE-821E-62FFA961BC0D}.Release|x64.ActiveCfg = Release|Any CPU
		{63F5972E-E11D-49EE-821E-62FFA961BC0D}.Release|x64.Build.0 = Release|Any CPU
		{63F5972E-E11D-49EE-821E-62FFA961BC0D}.Release|x86.ActiveCfg = Release|Any CPU
		{63F5972E-E11D-49EE-821E-62FFA961BC0D}.Release|x86.Build.0 = Release|Any CPU
		{56596C37-4445-4915-8BA5-F9DADDE70F15}.Debug|Any CPU.ActiveCfg = Debug|Any CPU
		{56596C37-4445-4915-8BA5-F9DADDE70F15}.Debug|Any CPU.Build.0 = Debug|Any CPU
		{56596C37-4445-4915-8BA5-F9DADDE70F15}.Debug|x64.ActiveCfg = Debug|Any CPU
		{56596C37-4445-4915-8BA5-F9DADDE70F15}.Debug|x64.Build.0 = Debug|Any CPU
		{56596C37-4445-4915-8BA5-F9DADDE70F15}.Debug|x86.ActiveCfg = Debug|Any CPU
		{56596C37-4445-4915-8BA5-F9DADDE70F15}.Debug|x86.Build.0 = Debug|Any CPU
		{56596C37-4445-4915-8BA5-F9DADDE70F15}.Release|Any CPU.ActiveCfg = Release|Any CPU
		{56596C37-4445-4915-8BA5-F9DADDE70F15}.Release|Any CPU.Build.0 = Release|Any CPU
		{56596C37-4445-4915-8BA5-F9DADDE70F15}.Release|x64.ActiveCfg = Release|Any CPU
		{56596C37-4445-4915-8BA5-F9DADDE70F15}.Release|x64.Build.0 = Release|Any CPU
		{56596C37-4445-4915-8BA5-F9DADDE70F15}.Release|x86.ActiveCfg = Release|Any CPU
		{56596C37-4445-4915-8BA5-F9DADDE70F15}.Release|x86.Build.0 = Release|Any CPU
	EndGlobalSection
	GlobalSection(SolutionProperties) = preSolution
		HideSolutionNode = FALSE
	EndGlobalSection
EndGlobal
